// !$*UTF8*$!
{
	archiveVersion = 1;
	classes = {
	};
	objectVersion = 46;
	objects = {

/* Begin PBXBuildFile section */
		24FAB8B0084EFF1473CDA9B1 /* Pods_LottieDropperTests.framework in Frameworks */ = {isa = PBXBuildFile; fileRef = 844D526C8B6A9DD412568E06 /* Pods_LottieDropperTests.framework */; };
		6D333A631E93D36A00B241F3 /* DropboxBrowserViewModelSpec.m in Sources */ = {isa = PBXBuildFile; fileRef = 6D333A621E93D36900B241F3 /* DropboxBrowserViewModelSpec.m */; };
		6DF7E7A51E9CC18600B699B2 /* Settings.storyboard in Resources */ = {isa = PBXBuildFile; fileRef = 6DF7E7A41E9CC18600B699B2 /* Settings.storyboard */; };
		9CD6F9095CD9DE104585E66F /* Pods_LottieDropper.framework in Frameworks */ = {isa = PBXBuildFile; fileRef = 1D75ECD58F61901F591C49DC /* Pods_LottieDropper.framework */; };
		B56D81331E8D0857001D5290 /* Connectivity.m in Sources */ = {isa = PBXBuildFile; fileRef = B56D81321E8D0857001D5290 /* Connectivity.m */; };
		B5D9D6611E9CB95700D91987 /* UIColor+LottieColors.m in Sources */ = {isa = PBXBuildFile; fileRef = B5D9D6601E9CB95700D91987 /* UIColor+LottieColors.m */; };
		B5D9D6961E9CF92200D91987 /* ErrorLogViewController.m in Sources */ = {isa = PBXBuildFile; fileRef = B5D9D6951E9CF92200D91987 /* ErrorLogViewController.m */; };
		B5D9D6991E9D06AD00D91987 /* ErrorLogViewModel.m in Sources */ = {isa = PBXBuildFile; fileRef = B5D9D6981E9D06AD00D91987 /* ErrorLogViewModel.m */; };
		C00416CB1E84312C00E92308 /* main.m in Sources */ = {isa = PBXBuildFile; fileRef = C00416CA1E84312C00E92308 /* main.m */; };
		C00416CE1E84312C00E92308 /* AppDelegate.m in Sources */ = {isa = PBXBuildFile; fileRef = C00416CD1E84312C00E92308 /* AppDelegate.m */; };
		C00416D11E84312C00E92308 /* DropboxAccessViewController.m in Sources */ = {isa = PBXBuildFile; fileRef = C00416D01E84312C00E92308 /* DropboxAccessViewController.m */; };
		C00416D41E84312C00E92308 /* Main.storyboard in Resources */ = {isa = PBXBuildFile; fileRef = C00416D21E84312C00E92308 /* Main.storyboard */; };
		C00416D61E84312C00E92308 /* Assets.xcassets in Resources */ = {isa = PBXBuildFile; fileRef = C00416D51E84312C00E92308 /* Assets.xcassets */; };
		C00416D91E84312C00E92308 /* LaunchScreen.storyboard in Resources */ = {isa = PBXBuildFile; fileRef = C00416D71E84312C00E92308 /* LaunchScreen.storyboard */; };
		C00416E41E84312C00E92308 /* LottyDropperTests.m in Sources */ = {isa = PBXBuildFile; fileRef = C00416E31E84312C00E92308 /* LottyDropperTests.m */; };
		C0F3EF951E88FC1D004B007F /* LottieDropperKeychainBridge.swift in Sources */ = {isa = PBXBuildFile; fileRef = C0F3EF941E88FC1D004B007F /* LottieDropperKeychainBridge.swift */; };
		C0F3EFA41E89088D004B007F /* LottieFlowControllerViewController.m in Sources */ = {isa = PBXBuildFile; fileRef = C0F3EFA31E89088D004B007F /* LottieFlowControllerViewController.m */; };
		C0F3EFA71E890A5C004B007F /* DropBoxBrowserViewController.m in Sources */ = {isa = PBXBuildFile; fileRef = C0F3EFA61E890A5C004B007F /* DropBoxBrowserViewController.m */; };
		C0F3EFAA1E890A7F004B007F /* Dropbox.storyboard in Resources */ = {isa = PBXBuildFile; fileRef = C0F3EFA81E890A7F004B007F /* Dropbox.storyboard */; };
		C0F3EFAD1E8922FE004B007F /* DropboxBrowserViewModel.m in Sources */ = {isa = PBXBuildFile; fileRef = C0F3EFAC1E8922FE004B007F /* DropboxBrowserViewModel.m */; };
		C0F3EFB01E89413F004B007F /* DropboxBrowserCollectionViewCell.m in Sources */ = {isa = PBXBuildFile; fileRef = C0F3EFAF1E89413F004B007F /* DropboxBrowserCollectionViewCell.m */; };
		C0F3EFB31E8945C2004B007F /* DropboxDetailViewModel.m in Sources */ = {isa = PBXBuildFile; fileRef = C0F3EFB21E8945C2004B007F /* DropboxDetailViewModel.m */; };
		C0F3EFB71E894D4D004B007F /* LottieAnimator.storyboard in Resources */ = {isa = PBXBuildFile; fileRef = C0F3EFB51E894D4D004B007F /* LottieAnimator.storyboard */; };
		C0F3EFBA1E894D70004B007F /* LottieAnimatorViewController.m in Sources */ = {isa = PBXBuildFile; fileRef = C0F3EFB91E894D70004B007F /* LottieAnimatorViewController.m */; };
		C0F3EFBD1E894DBB004B007F /* LottieAnimatorDetailViewModel.m in Sources */ = {isa = PBXBuildFile; fileRef = C0F3EFBC1E894DBB004B007F /* LottieAnimatorDetailViewModel.m */; };
		C0F3EFC01E895781004B007F /* Animation2.json in Resources */ = {isa = PBXBuildFile; fileRef = C0F3EFBE1E895781004B007F /* Animation2.json */; };
		C0F3EFC11E895781004B007F /* Animation1.json in Resources */ = {isa = PBXBuildFile; fileRef = C0F3EFBF1E895781004B007F /* Animation1.json */; };
/* End PBXBuildFile section */

/* Begin PBXContainerItemProxy section */
		C00416E01E84312C00E92308 /* PBXContainerItemProxy */ = {
			isa = PBXContainerItemProxy;
			containerPortal = C00416BE1E84312C00E92308 /* Project object */;
			proxyType = 1;
			remoteGlobalIDString = C00416C51E84312C00E92308;
			remoteInfo = LottyDropper;
		};
/* End PBXContainerItemProxy section */

/* Begin PBXFileReference section */
		0A55C7422B66AA145401BBAA /* Pods-LottieDropper.release.xcconfig */ = {isa = PBXFileReference; includeInIndex = 1; lastKnownFileType = text.xcconfig; name = "Pods-LottieDropper.release.xcconfig"; path = "Pods/Target Support Files/Pods-LottieDropper/Pods-LottieDropper.release.xcconfig"; sourceTree = "<group>"; };
		1D75ECD58F61901F591C49DC /* Pods_LottieDropper.framework */ = {isa = PBXFileReference; explicitFileType = wrapper.framework; includeInIndex = 0; path = Pods_LottieDropper.framework; sourceTree = BUILT_PRODUCTS_DIR; };
		44372067C7C3EF637BE96C8F /* Pods-LottieDropperTests.release.xcconfig */ = {isa = PBXFileReference; includeInIndex = 1; lastKnownFileType = text.xcconfig; name = "Pods-LottieDropperTests.release.xcconfig"; path = "Pods/Target Support Files/Pods-LottieDropperTests/Pods-LottieDropperTests.release.xcconfig"; sourceTree = "<group>"; };
		6D333A621E93D36900B241F3 /* DropboxBrowserViewModelSpec.m */ = {isa = PBXFileReference; fileEncoding = 4; lastKnownFileType = sourcecode.c.objc; path = DropboxBrowserViewModelSpec.m; sourceTree = "<group>"; };
		6DF7E7A41E9CC18600B699B2 /* Settings.storyboard */ = {isa = PBXFileReference; fileEncoding = 4; lastKnownFileType = file.storyboard; path = Settings.storyboard; sourceTree = "<group>"; };
		844D526C8B6A9DD412568E06 /* Pods_LottieDropperTests.framework */ = {isa = PBXFileReference; explicitFileType = wrapper.framework; includeInIndex = 0; path = Pods_LottieDropperTests.framework; sourceTree = BUILT_PRODUCTS_DIR; };
		B56D81311E8D0857001D5290 /* Connectivity.h */ = {isa = PBXFileReference; fileEncoding = 4; lastKnownFileType = sourcecode.c.h; path = Connectivity.h; sourceTree = "<group>"; };
		B56D81321E8D0857001D5290 /* Connectivity.m */ = {isa = PBXFileReference; fileEncoding = 4; lastKnownFileType = sourcecode.c.objc; path = Connectivity.m; sourceTree = "<group>"; };
		B5D9D65F1E9CB95700D91987 /* UIColor+LottieColors.h */ = {isa = PBXFileReference; fileEncoding = 4; lastKnownFileType = sourcecode.c.h; path = "UIColor+LottieColors.h"; sourceTree = "<group>"; };
		B5D9D6601E9CB95700D91987 /* UIColor+LottieColors.m */ = {isa = PBXFileReference; fileEncoding = 4; lastKnownFileType = sourcecode.c.objc; path = "UIColor+LottieColors.m"; sourceTree = "<group>"; };
		B5D9D6941E9CF92200D91987 /* ErrorLogViewController.h */ = {isa = PBXFileReference; fileEncoding = 4; lastKnownFileType = sourcecode.c.h; path = ErrorLogViewController.h; sourceTree = "<group>"; };
		B5D9D6951E9CF92200D91987 /* ErrorLogViewController.m */ = {isa = PBXFileReference; fileEncoding = 4; lastKnownFileType = sourcecode.c.objc; path = ErrorLogViewController.m; sourceTree = "<group>"; };
		B5D9D6971E9D06AD00D91987 /* ErrorLogViewModel.h */ = {isa = PBXFileReference; fileEncoding = 4; lastKnownFileType = sourcecode.c.h; path = ErrorLogViewModel.h; sourceTree = "<group>"; };
		B5D9D6981E9D06AD00D91987 /* ErrorLogViewModel.m */ = {isa = PBXFileReference; fileEncoding = 4; lastKnownFileType = sourcecode.c.objc; path = ErrorLogViewModel.m; sourceTree = "<group>"; };
		C00416C61E84312C00E92308 /* LottieDropper.app */ = {isa = PBXFileReference; explicitFileType = wrapper.application; includeInIndex = 0; path = LottieDropper.app; sourceTree = BUILT_PRODUCTS_DIR; };
		C00416CA1E84312C00E92308 /* main.m */ = {isa = PBXFileReference; lastKnownFileType = sourcecode.c.objc; path = main.m; sourceTree = "<group>"; };
		C00416CC1E84312C00E92308 /* AppDelegate.h */ = {isa = PBXFileReference; lastKnownFileType = sourcecode.c.h; path = AppDelegate.h; sourceTree = "<group>"; };
		C00416CD1E84312C00E92308 /* AppDelegate.m */ = {isa = PBXFileReference; lastKnownFileType = sourcecode.c.objc; path = AppDelegate.m; sourceTree = "<group>"; };
		C00416CF1E84312C00E92308 /* DropboxAccessViewController.h */ = {isa = PBXFileReference; lastKnownFileType = sourcecode.c.h; path = DropboxAccessViewController.h; sourceTree = "<group>"; };
		C00416D01E84312C00E92308 /* DropboxAccessViewController.m */ = {isa = PBXFileReference; lastKnownFileType = sourcecode.c.objc; path = DropboxAccessViewController.m; sourceTree = "<group>"; };
		C00416D31E84312C00E92308 /* Base */ = {isa = PBXFileReference; lastKnownFileType = file.storyboard; name = Base; path = Base.lproj/Main.storyboard; sourceTree = "<group>"; };
		C00416D51E84312C00E92308 /* Assets.xcassets */ = {isa = PBXFileReference; lastKnownFileType = folder.assetcatalog; path = Assets.xcassets; sourceTree = "<group>"; };
		C00416D81E84312C00E92308 /* Base */ = {isa = PBXFileReference; lastKnownFileType = file.storyboard; name = Base; path = Base.lproj/LaunchScreen.storyboard; sourceTree = "<group>"; };
		C00416DA1E84312C00E92308 /* Info.plist */ = {isa = PBXFileReference; lastKnownFileType = text.plist.xml; path = Info.plist; sourceTree = "<group>"; };
		C00416DF1E84312C00E92308 /* LottieDropperTests.xctest */ = {isa = PBXFileReference; explicitFileType = wrapper.cfbundle; includeInIndex = 0; path = LottieDropperTests.xctest; sourceTree = BUILT_PRODUCTS_DIR; };
		C00416E31E84312C00E92308 /* LottyDropperTests.m */ = {isa = PBXFileReference; lastKnownFileType = sourcecode.c.objc; path = LottyDropperTests.m; sourceTree = "<group>"; };
		C00416E51E84312C00E92308 /* Info.plist */ = {isa = PBXFileReference; lastKnownFileType = text.plist.xml; path = Info.plist; sourceTree = "<group>"; };
		C00416F11E84368B00E92308 /* DropboxLoginable.h */ = {isa = PBXFileReference; lastKnownFileType = sourcecode.c.h; path = DropboxLoginable.h; sourceTree = "<group>"; };
		C0A63869B56FE88FD2377C2C /* Pods-LottieDropperTests.debug.xcconfig */ = {isa = PBXFileReference; includeInIndex = 1; lastKnownFileType = text.xcconfig; name = "Pods-LottieDropperTests.debug.xcconfig"; path = "Pods/Target Support Files/Pods-LottieDropperTests/Pods-LottieDropperTests.debug.xcconfig"; sourceTree = "<group>"; };
		C0F3EF931E88FC1D004B007F /* LottieDropper-Bridging-Header.h */ = {isa = PBXFileReference; lastKnownFileType = sourcecode.c.h; path = "LottieDropper-Bridging-Header.h"; sourceTree = "<group>"; };
		C0F3EF941E88FC1D004B007F /* LottieDropperKeychainBridge.swift */ = {isa = PBXFileReference; fileEncoding = 4; lastKnownFileType = sourcecode.swift; path = LottieDropperKeychainBridge.swift; sourceTree = "<group>"; };
		C0F3EFA21E89088D004B007F /* LottieFlowControllerViewController.h */ = {isa = PBXFileReference; fileEncoding = 4; lastKnownFileType = sourcecode.c.h; path = LottieFlowControllerViewController.h; sourceTree = "<group>"; };
		C0F3EFA31E89088D004B007F /* LottieFlowControllerViewController.m */ = {isa = PBXFileReference; fileEncoding = 4; lastKnownFileType = sourcecode.c.objc; path = LottieFlowControllerViewController.m; sourceTree = "<group>"; };
		C0F3EFA51E890A5C004B007F /* DropBoxBrowserViewController.h */ = {isa = PBXFileReference; fileEncoding = 4; lastKnownFileType = sourcecode.c.h; path = DropBoxBrowserViewController.h; sourceTree = "<group>"; };
		C0F3EFA61E890A5C004B007F /* DropBoxBrowserViewController.m */ = {isa = PBXFileReference; fileEncoding = 4; lastKnownFileType = sourcecode.c.objc; path = DropBoxBrowserViewController.m; sourceTree = "<group>"; };
		C0F3EFA91E890A7F004B007F /* Base */ = {isa = PBXFileReference; lastKnownFileType = file.storyboard; name = Base; path = Base.lproj/Dropbox.storyboard; sourceTree = "<group>"; };
		C0F3EFAB1E8922FE004B007F /* DropboxBrowserViewModel.h */ = {isa = PBXFileReference; fileEncoding = 4; lastKnownFileType = sourcecode.c.h; path = DropboxBrowserViewModel.h; sourceTree = "<group>"; };
		C0F3EFAC1E8922FE004B007F /* DropboxBrowserViewModel.m */ = {isa = PBXFileReference; fileEncoding = 4; lastKnownFileType = sourcecode.c.objc; path = DropboxBrowserViewModel.m; sourceTree = "<group>"; };
		C0F3EFAE1E89413F004B007F /* DropboxBrowserCollectionViewCell.h */ = {isa = PBXFileReference; fileEncoding = 4; lastKnownFileType = sourcecode.c.h; path = DropboxBrowserCollectionViewCell.h; sourceTree = "<group>"; };
		C0F3EFAF1E89413F004B007F /* DropboxBrowserCollectionViewCell.m */ = {isa = PBXFileReference; fileEncoding = 4; lastKnownFileType = sourcecode.c.objc; path = DropboxBrowserCollectionViewCell.m; sourceTree = "<group>"; };
		C0F3EFB11E8945C2004B007F /* DropboxDetailViewModel.h */ = {isa = PBXFileReference; fileEncoding = 4; lastKnownFileType = sourcecode.c.h; path = DropboxDetailViewModel.h; sourceTree = "<group>"; };
		C0F3EFB21E8945C2004B007F /* DropboxDetailViewModel.m */ = {isa = PBXFileReference; fileEncoding = 4; lastKnownFileType = sourcecode.c.objc; path = DropboxDetailViewModel.m; sourceTree = "<group>"; };
		C0F3EFB61E894D4D004B007F /* Base */ = {isa = PBXFileReference; lastKnownFileType = file.storyboard; name = Base; path = Base.lproj/LottieAnimator.storyboard; sourceTree = "<group>"; };
		C0F3EFB81E894D70004B007F /* LottieAnimatorViewController.h */ = {isa = PBXFileReference; fileEncoding = 4; lastKnownFileType = sourcecode.c.h; path = LottieAnimatorViewController.h; sourceTree = "<group>"; };
		C0F3EFB91E894D70004B007F /* LottieAnimatorViewController.m */ = {isa = PBXFileReference; fileEncoding = 4; lastKnownFileType = sourcecode.c.objc; path = LottieAnimatorViewController.m; sourceTree = "<group>"; };
		C0F3EFBB1E894DBB004B007F /* LottieAnimatorDetailViewModel.h */ = {isa = PBXFileReference; fileEncoding = 4; lastKnownFileType = sourcecode.c.h; path = LottieAnimatorDetailViewModel.h; sourceTree = "<group>"; };
		C0F3EFBC1E894DBB004B007F /* LottieAnimatorDetailViewModel.m */ = {isa = PBXFileReference; fileEncoding = 4; lastKnownFileType = sourcecode.c.objc; path = LottieAnimatorDetailViewModel.m; sourceTree = "<group>"; };
		C0F3EFBE1E895781004B007F /* Animation2.json */ = {isa = PBXFileReference; fileEncoding = 4; lastKnownFileType = text.json; path = Animation2.json; sourceTree = "<group>"; };
		C0F3EFBF1E895781004B007F /* Animation1.json */ = {isa = PBXFileReference; fileEncoding = 4; lastKnownFileType = text.json; path = Animation1.json; sourceTree = "<group>"; };
		C747455DF089F6B8CEE6350A /* Pods-LottieDropper.debug.xcconfig */ = {isa = PBXFileReference; includeInIndex = 1; lastKnownFileType = text.xcconfig; name = "Pods-LottieDropper.debug.xcconfig"; path = "Pods/Target Support Files/Pods-LottieDropper/Pods-LottieDropper.debug.xcconfig"; sourceTree = "<group>"; };
/* End PBXFileReference section */

/* Begin PBXFrameworksBuildPhase section */
		C00416C31E84312C00E92308 /* Frameworks */ = {
			isa = PBXFrameworksBuildPhase;
			buildActionMask = 2147483647;
			files = (
				9CD6F9095CD9DE104585E66F /* Pods_LottieDropper.framework in Frameworks */,
			);
			runOnlyForDeploymentPostprocessing = 0;
		};
		C00416DC1E84312C00E92308 /* Frameworks */ = {
			isa = PBXFrameworksBuildPhase;
			buildActionMask = 2147483647;
			files = (
				24FAB8B0084EFF1473CDA9B1 /* Pods_LottieDropperTests.framework in Frameworks */,
			);
			runOnlyForDeploymentPostprocessing = 0;
		};
/* End PBXFrameworksBuildPhase section */

/* Begin PBXGroup section */
		0D8C9023D5FB727D9A946732 /* Pods */ = {
			isa = PBXGroup;
			children = (
				C747455DF089F6B8CEE6350A /* Pods-LottieDropper.debug.xcconfig */,
				0A55C7422B66AA145401BBAA /* Pods-LottieDropper.release.xcconfig */,
				C0A63869B56FE88FD2377C2C /* Pods-LottieDropperTests.debug.xcconfig */,
				44372067C7C3EF637BE96C8F /* Pods-LottieDropperTests.release.xcconfig */,
			);
			name = Pods;
			sourceTree = "<group>";
		};
		65CFC5EC6B9CE7D3392B9582 /* Frameworks */ = {
			isa = PBXGroup;
			children = (
				1D75ECD58F61901F591C49DC /* Pods_LottieDropper.framework */,
				844D526C8B6A9DD412568E06 /* Pods_LottieDropperTests.framework */,
			);
			name = Frameworks;
			sourceTree = "<group>";
		};
		6DE34F161E8BB406009DDBE8 /* Google drive */ = {
			isa = PBXGroup;
			children = (
			);
			path = "Google drive";
			sourceTree = "<group>";
		};
		6DF7E7A31E9CC16400B699B2 /* Settings */ = {
			isa = PBXGroup;
			children = (
				6DF7E7A41E9CC18600B699B2 /* Settings.storyboard */,
			);
			name = Settings;
			sourceTree = "<group>";
		};
		B5D9D6581E9BB72700D91987 /* Common */ = {
			isa = PBXGroup;
			children = (
				B5D9D65F1E9CB95700D91987 /* UIColor+LottieColors.h */,
				B5D9D6601E9CB95700D91987 /* UIColor+LottieColors.m */,
			);
			path = Common;
			sourceTree = "<group>";
		};
		B5D9D6931E9CF8F400D91987 /* Error log */ = {
			isa = PBXGroup;
			children = (
				B5D9D6941E9CF92200D91987 /* ErrorLogViewController.h */,
				B5D9D6951E9CF92200D91987 /* ErrorLogViewController.m */,
				B5D9D6971E9D06AD00D91987 /* ErrorLogViewModel.h */,
				B5D9D6981E9D06AD00D91987 /* ErrorLogViewModel.m */,
			);
			name = "Error log";
			sourceTree = "<group>";
		};
		C00416BD1E84312C00E92308 = {
			isa = PBXGroup;
			children = (
				65CFC5EC6B9CE7D3392B9582 /* Frameworks */,
				C00416C81E84312C00E92308 /* LottieDropper */,
				C00416E21E84312C00E92308 /* LottieDropperTests */,
				0D8C9023D5FB727D9A946732 /* Pods */,
				C00416C71E84312C00E92308 /* Products */,
			);
			sourceTree = "<group>";
		};
		C00416C71E84312C00E92308 /* Products */ = {
			isa = PBXGroup;
			children = (
				C00416C61E84312C00E92308 /* LottieDropper.app */,
				C00416DF1E84312C00E92308 /* LottieDropperTests.xctest */,
			);
			name = Products;
			sourceTree = "<group>";
		};
		C00416C81E84312C00E92308 /* LottieDropper */ = {
			isa = PBXGroup;
			children = (
				C0F3EF981E88FE1D004B007F /* ApplicationFlow */,
				C00416C91E84312C00E92308 /* Bridge */,
				B5D9D6581E9BB72700D91987 /* Common */,
				C0F3EF971E88FDEA004B007F /* Dropbox */,
				6DE34F161E8BB406009DDBE8 /* Google drive */,
				C0F3EF921E88FBE9004B007F /* KeyChain */,
				C0F3EFB41E894D20004B007F /* LottieAnimator */,
				C00416D51E84312C00E92308 /* Assets.xcassets */,
			);
			path = LottieDropper;
			sourceTree = "<group>";
		};
		C00416C91E84312C00E92308 /* Bridge */ = {
			isa = PBXGroup;
			children = (
				C0F3EF931E88FC1D004B007F /* LottieDropper-Bridging-Header.h */,
			);
			path = Bridge;
			sourceTree = "<group>";
		};
		C00416E21E84312C00E92308 /* LottieDropperTests */ = {
			isa = PBXGroup;
			children = (
				C00416E51E84312C00E92308 /* Info.plist */,
				C00416E31E84312C00E92308 /* LottyDropperTests.m */,
			);
			path = LottieDropperTests;
			sourceTree = "<group>";
		};
		C0F3EF921E88FBE9004B007F /* KeyChain */ = {
			isa = PBXGroup;
			children = (
				C0F3EF941E88FC1D004B007F /* LottieDropperKeychainBridge.swift */,
			);
			path = KeyChain;
			sourceTree = "<group>";
		};
		C0F3EF971E88FDEA004B007F /* Dropbox */ = {
			isa = PBXGroup;
			children = (
				C0F3EFA51E890A5C004B007F /* DropBoxBrowserViewController.h */,
				C0F3EFA61E890A5C004B007F /* DropBoxBrowserViewController.m */,
				C0F3EFA81E890A7F004B007F /* Dropbox.storyboard */,
				C00416CF1E84312C00E92308 /* DropboxAccessViewController.h */,
				C00416D01E84312C00E92308 /* DropboxAccessViewController.m */,
				C0F3EFAE1E89413F004B007F /* DropboxBrowserCollectionViewCell.h */,
				C0F3EFAF1E89413F004B007F /* DropboxBrowserCollectionViewCell.m */,
				C0F3EFAB1E8922FE004B007F /* DropboxBrowserViewModel.h */,
				C0F3EFAC1E8922FE004B007F /* DropboxBrowserViewModel.m */,
				6D333A621E93D36900B241F3 /* DropboxBrowserViewModelSpec.m */,
				C0F3EFB11E8945C2004B007F /* DropboxDetailViewModel.h */,
				C0F3EFB21E8945C2004B007F /* DropboxDetailViewModel.m */,
				C00416F11E84368B00E92308 /* DropboxLoginable.h */,
			);
			path = Dropbox;
			sourceTree = "<group>";
		};
		C0F3EF981E88FE1D004B007F /* ApplicationFlow */ = {
			isa = PBXGroup;
			children = (
				C00416CC1E84312C00E92308 /* AppDelegate.h */,
				C00416CD1E84312C00E92308 /* AppDelegate.m */,
				B56D81311E8D0857001D5290 /* Connectivity.h */,
				B56D81321E8D0857001D5290 /* Connectivity.m */,
				C00416DA1E84312C00E92308 /* Info.plist */,
				C00416D71E84312C00E92308 /* LaunchScreen.storyboard */,
				C0F3EFA21E89088D004B007F /* LottieFlowControllerViewController.h */,
				C0F3EFA31E89088D004B007F /* LottieFlowControllerViewController.m */,
				C00416D21E84312C00E92308 /* Main.storyboard */,
				C00416CA1E84312C00E92308 /* main.m */,
			);
			path = ApplicationFlow;
			sourceTree = "<group>";
		};
		C0F3EFB41E894D20004B007F /* LottieAnimator */ = {
			isa = PBXGroup;
			children = (
				B5D9D6931E9CF8F400D91987 /* Error log */,
				6DF7E7A31E9CC16400B699B2 /* Settings */,
				C0F3EFBF1E895781004B007F /* Animation1.json */,
				C0F3EFBE1E895781004B007F /* Animation2.json */,
				C0F3EFB51E894D4D004B007F /* LottieAnimator.storyboard */,
				C0F3EFBB1E894DBB004B007F /* LottieAnimatorDetailViewModel.h */,
				C0F3EFBC1E894DBB004B007F /* LottieAnimatorDetailViewModel.m */,
				C0F3EFB81E894D70004B007F /* LottieAnimatorViewController.h */,
				C0F3EFB91E894D70004B007F /* LottieAnimatorViewController.m */,
			);
			path = LottieAnimator;
			sourceTree = "<group>";
		};
/* End PBXGroup section */

/* Begin PBXNativeTarget section */
		C00416C51E84312C00E92308 /* LottieDropper */ = {
			isa = PBXNativeTarget;
			buildConfigurationList = C00416E81E84312C00E92308 /* Build configuration list for PBXNativeTarget "LottieDropper" */;
			buildPhases = (
				9F82346F31DEBD1056AF53D2 /* [CP] Check Pods Manifest.lock */,
				C00416C21E84312C00E92308 /* Sources */,
				C00416C31E84312C00E92308 /* Frameworks */,
				C00416C41E84312C00E92308 /* Resources */,
				8398A4E09D66138F97BE2043 /* [CP] Embed Pods Frameworks */,
				D156056890FE0C4353D40AB5 /* [CP] Copy Pods Resources */,
			);
			buildRules = (
			);
			dependencies = (
			);
			name = LottieDropper;
			productName = LottyDropper;
			productReference = C00416C61E84312C00E92308 /* LottieDropper.app */;
			productType = "com.apple.product-type.application";
		};
		C00416DE1E84312C00E92308 /* LottieDropperTests */ = {
			isa = PBXNativeTarget;
			buildConfigurationList = C00416EB1E84312C00E92308 /* Build configuration list for PBXNativeTarget "LottieDropperTests" */;
			buildPhases = (
				F1A64A64FBB3436C0646B57B /* [CP] Check Pods Manifest.lock */,
				C00416DB1E84312C00E92308 /* Sources */,
				C00416DC1E84312C00E92308 /* Frameworks */,
				C00416DD1E84312C00E92308 /* Resources */,
				4D153C38DA6AF97282D20CAD /* [CP] Embed Pods Frameworks */,
				68EEBD8E0BD02F863382ADE5 /* [CP] Copy Pods Resources */,
			);
			buildRules = (
			);
			dependencies = (
				C00416E11E84312C00E92308 /* PBXTargetDependency */,
			);
			name = LottieDropperTests;
			productName = LottyDropperTests;
			productReference = C00416DF1E84312C00E92308 /* LottieDropperTests.xctest */;
			productType = "com.apple.product-type.bundle.unit-test";
		};
/* End PBXNativeTarget section */

/* Begin PBXProject section */
		C00416BE1E84312C00E92308 /* Project object */ = {
			isa = PBXProject;
			attributes = {
				LastUpgradeCheck = 0830;
				ORGANIZATIONNAME = icapps;
				TargetAttributes = {
					C00416C51E84312C00E92308 = {
						CreatedOnToolsVersion = 8.3;
						DevelopmentTeam = FAJTRUZ6J9;
						LastSwiftMigration = 0830;
						ProvisioningStyle = Manual;
					};
					C00416DE1E84312C00E92308 = {
						CreatedOnToolsVersion = 8.3;
						DevelopmentTeam = SCZPF223NC;
						ProvisioningStyle = Automatic;
						TestTargetID = C00416C51E84312C00E92308;
					};
				};
			};
			buildConfigurationList = C00416C11E84312C00E92308 /* Build configuration list for PBXProject "LottieDropper" */;
			compatibilityVersion = "Xcode 3.2";
			developmentRegion = English;
			hasScannedForEncodings = 0;
			knownRegions = (
				en,
				Base,
			);
			mainGroup = C00416BD1E84312C00E92308;
			productRefGroup = C00416C71E84312C00E92308 /* Products */;
			projectDirPath = "";
			projectRoot = "";
			targets = (
				C00416C51E84312C00E92308 /* LottieDropper */,
				C00416DE1E84312C00E92308 /* LottieDropperTests */,
			);
		};
/* End PBXProject section */

/* Begin PBXResourcesBuildPhase section */
		C00416C41E84312C00E92308 /* Resources */ = {
			isa = PBXResourcesBuildPhase;
			buildActionMask = 2147483647;
			files = (
				C00416D91E84312C00E92308 /* LaunchScreen.storyboard in Resources */,
				C0F3EFC11E895781004B007F /* Animation1.json in Resources */,
				C0F3EFC01E895781004B007F /* Animation2.json in Resources */,
				6DF7E7A51E9CC18600B699B2 /* Settings.storyboard in Resources */,
				C00416D61E84312C00E92308 /* Assets.xcassets in Resources */,
				C00416D41E84312C00E92308 /* Main.storyboard in Resources */,
				C0F3EFAA1E890A7F004B007F /* Dropbox.storyboard in Resources */,
				C0F3EFB71E894D4D004B007F /* LottieAnimator.storyboard in Resources */,
			);
			runOnlyForDeploymentPostprocessing = 0;
		};
		C00416DD1E84312C00E92308 /* Resources */ = {
			isa = PBXResourcesBuildPhase;
			buildActionMask = 2147483647;
			files = (
			);
			runOnlyForDeploymentPostprocessing = 0;
		};
/* End PBXResourcesBuildPhase section */

/* Begin PBXShellScriptBuildPhase section */
		4D153C38DA6AF97282D20CAD /* [CP] Embed Pods Frameworks */ = {
			isa = PBXShellScriptBuildPhase;
			buildActionMask = 2147483647;
			files = (
			);
			inputPaths = (
			);
			name = "[CP] Embed Pods Frameworks";
			outputPaths = (
			);
			runOnlyForDeploymentPostprocessing = 0;
			shellPath = /bin/sh;
			shellScript = "\"${SRCROOT}/Pods/Target Support Files/Pods-LottieDropperTests/Pods-LottieDropperTests-frameworks.sh\"\n";
			showEnvVarsInLog = 0;
		};
		68EEBD8E0BD02F863382ADE5 /* [CP] Copy Pods Resources */ = {
			isa = PBXShellScriptBuildPhase;
			buildActionMask = 2147483647;
			files = (
			);
			inputPaths = (
			);
			name = "[CP] Copy Pods Resources";
			outputPaths = (
			);
			runOnlyForDeploymentPostprocessing = 0;
			shellPath = /bin/sh;
			shellScript = "\"${SRCROOT}/Pods/Target Support Files/Pods-LottieDropperTests/Pods-LottieDropperTests-resources.sh\"\n";
			showEnvVarsInLog = 0;
		};
		8398A4E09D66138F97BE2043 /* [CP] Embed Pods Frameworks */ = {
			isa = PBXShellScriptBuildPhase;
			buildActionMask = 2147483647;
			files = (
			);
			inputPaths = (
			);
			name = "[CP] Embed Pods Frameworks";
			outputPaths = (
			);
			runOnlyForDeploymentPostprocessing = 0;
			shellPath = /bin/sh;
			shellScript = "\"${SRCROOT}/Pods/Target Support Files/Pods-LottieDropper/Pods-LottieDropper-frameworks.sh\"\n";
			showEnvVarsInLog = 0;
		};
		9F82346F31DEBD1056AF53D2 /* [CP] Check Pods Manifest.lock */ = {
			isa = PBXShellScriptBuildPhase;
			buildActionMask = 2147483647;
			files = (
			);
			inputPaths = (
			);
			name = "[CP] Check Pods Manifest.lock";
			outputPaths = (
			);
			runOnlyForDeploymentPostprocessing = 0;
			shellPath = /bin/sh;
			shellScript = "diff \"${PODS_ROOT}/../Podfile.lock\" \"${PODS_ROOT}/Manifest.lock\" > /dev/null\nif [ $? != 0 ] ; then\n    # print error to STDERR\n    echo \"error: The sandbox is not in sync with the Podfile.lock. Run 'pod install' or update your CocoaPods installation.\" >&2\n    exit 1\nfi\n";
			showEnvVarsInLog = 0;
		};
		D156056890FE0C4353D40AB5 /* [CP] Copy Pods Resources */ = {
			isa = PBXShellScriptBuildPhase;
			buildActionMask = 2147483647;
			files = (
			);
			inputPaths = (
			);
			name = "[CP] Copy Pods Resources";
			outputPaths = (
			);
			runOnlyForDeploymentPostprocessing = 0;
			shellPath = /bin/sh;
			shellScript = "\"${SRCROOT}/Pods/Target Support Files/Pods-LottieDropper/Pods-LottieDropper-resources.sh\"\n";
			showEnvVarsInLog = 0;
		};
		F1A64A64FBB3436C0646B57B /* [CP] Check Pods Manifest.lock */ = {
			isa = PBXShellScriptBuildPhase;
			buildActionMask = 2147483647;
			files = (
			);
			inputPaths = (
			);
			name = "[CP] Check Pods Manifest.lock";
			outputPaths = (
			);
			runOnlyForDeploymentPostprocessing = 0;
			shellPath = /bin/sh;
			shellScript = "diff \"${PODS_ROOT}/../Podfile.lock\" \"${PODS_ROOT}/Manifest.lock\" > /dev/null\nif [ $? != 0 ] ; then\n    # print error to STDERR\n    echo \"error: The sandbox is not in sync with the Podfile.lock. Run 'pod install' or update your CocoaPods installation.\" >&2\n    exit 1\nfi\n";
			showEnvVarsInLog = 0;
		};
/* End PBXShellScriptBuildPhase section */

/* Begin PBXSourcesBuildPhase section */
		C00416C21E84312C00E92308 /* Sources */ = {
			isa = PBXSourcesBuildPhase;
			buildActionMask = 2147483647;
			files = (
				B56D81331E8D0857001D5290 /* Connectivity.m in Sources */,
				C0F3EFA41E89088D004B007F /* LottieFlowControllerViewController.m in Sources */,
				C0F3EFBD1E894DBB004B007F /* LottieAnimatorDetailViewModel.m in Sources */,
				C00416D11E84312C00E92308 /* DropboxAccessViewController.m in Sources */,
				C0F3EFA71E890A5C004B007F /* DropBoxBrowserViewController.m in Sources */,
				C0F3EFAD1E8922FE004B007F /* DropboxBrowserViewModel.m in Sources */,
				B5D9D6611E9CB95700D91987 /* UIColor+LottieColors.m in Sources */,
				C00416CE1E84312C00E92308 /* AppDelegate.m in Sources */,
				C0F3EFB31E8945C2004B007F /* DropboxDetailViewModel.m in Sources */,
				C0F3EFBA1E894D70004B007F /* LottieAnimatorViewController.m in Sources */,
				B5D9D6961E9CF92200D91987 /* ErrorLogViewController.m in Sources */,
				C0F3EF951E88FC1D004B007F /* LottieDropperKeychainBridge.swift in Sources */,
				C0F3EFB01E89413F004B007F /* DropboxBrowserCollectionViewCell.m in Sources */,
				C00416CB1E84312C00E92308 /* main.m in Sources */,
				B5D9D6991E9D06AD00D91987 /* ErrorLogViewModel.m in Sources */,
			);
			runOnlyForDeploymentPostprocessing = 0;
		};
		C00416DB1E84312C00E92308 /* Sources */ = {
			isa = PBXSourcesBuildPhase;
			buildActionMask = 2147483647;
			files = (
				C00416E41E84312C00E92308 /* LottyDropperTests.m in Sources */,
				6D333A631E93D36A00B241F3 /* DropboxBrowserViewModelSpec.m in Sources */,
			);
			runOnlyForDeploymentPostprocessing = 0;
		};
/* End PBXSourcesBuildPhase section */

/* Begin PBXTargetDependency section */
		C00416E11E84312C00E92308 /* PBXTargetDependency */ = {
			isa = PBXTargetDependency;
			target = C00416C51E84312C00E92308 /* LottieDropper */;
			targetProxy = C00416E01E84312C00E92308 /* PBXContainerItemProxy */;
		};
/* End PBXTargetDependency section */

/* Begin PBXVariantGroup section */
		C00416D21E84312C00E92308 /* Main.storyboard */ = {
			isa = PBXVariantGroup;
			children = (
				C00416D31E84312C00E92308 /* Base */,
			);
			name = Main.storyboard;
			path = .;
			sourceTree = "<group>";
		};
		C00416D71E84312C00E92308 /* LaunchScreen.storyboard */ = {
			isa = PBXVariantGroup;
			children = (
				C00416D81E84312C00E92308 /* Base */,
			);
			name = LaunchScreen.storyboard;
			path = .;
			sourceTree = "<group>";
		};
		C0F3EFA81E890A7F004B007F /* Dropbox.storyboard */ = {
			isa = PBXVariantGroup;
			children = (
				C0F3EFA91E890A7F004B007F /* Base */,
			);
			name = Dropbox.storyboard;
			path = .;
			sourceTree = "<group>";
		};
		C0F3EFB51E894D4D004B007F /* LottieAnimator.storyboard */ = {
			isa = PBXVariantGroup;
			children = (
				C0F3EFB61E894D4D004B007F /* Base */,
			);
			name = LottieAnimator.storyboard;
			path = .;
			sourceTree = "<group>";
		};
/* End PBXVariantGroup section */

/* Begin XCBuildConfiguration section */
		C00416E61E84312C00E92308 /* Debug */ = {
			isa = XCBuildConfiguration;
			buildSettings = {
				ALWAYS_SEARCH_USER_PATHS = NO;
				CLANG_ANALYZER_NONNULL = YES;
				CLANG_ANALYZER_NUMBER_OBJECT_CONVERSION = YES_AGGRESSIVE;
				CLANG_CXX_LANGUAGE_STANDARD = "gnu++0x";
				CLANG_CXX_LIBRARY = "libc++";
				CLANG_ENABLE_MODULES = YES;
				CLANG_ENABLE_OBJC_ARC = YES;
				CLANG_WARN_BOOL_CONVERSION = YES;
				CLANG_WARN_CONSTANT_CONVERSION = YES;
				CLANG_WARN_DIRECT_OBJC_ISA_USAGE = YES_ERROR;
				CLANG_WARN_DOCUMENTATION_COMMENTS = YES;
				CLANG_WARN_EMPTY_BODY = YES;
				CLANG_WARN_ENUM_CONVERSION = YES;
				CLANG_WARN_INFINITE_RECURSION = YES;
				CLANG_WARN_INT_CONVERSION = YES;
				CLANG_WARN_OBJC_ROOT_CLASS = YES_ERROR;
				CLANG_WARN_SUSPICIOUS_MOVE = YES;
				CLANG_WARN_UNREACHABLE_CODE = YES;
				CLANG_WARN__DUPLICATE_METHOD_MATCH = YES;
				"CODE_SIGN_IDENTITY[sdk=iphoneos*]" = "iPhone Developer";
				COPY_PHASE_STRIP = NO;
				DEBUG_INFORMATION_FORMAT = dwarf;
				ENABLE_STRICT_OBJC_MSGSEND = YES;
				ENABLE_TESTABILITY = YES;
				GCC_C_LANGUAGE_STANDARD = gnu99;
				GCC_DYNAMIC_NO_PIC = NO;
				GCC_NO_COMMON_BLOCKS = YES;
				GCC_OPTIMIZATION_LEVEL = 0;
				GCC_PREPROCESSOR_DEFINITIONS = (
					"DEBUG=1",
					"$(inherited)",
				);
				GCC_WARN_64_TO_32_BIT_CONVERSION = YES;
				GCC_WARN_ABOUT_RETURN_TYPE = YES_ERROR;
				GCC_WARN_UNDECLARED_SELECTOR = YES;
				GCC_WARN_UNINITIALIZED_AUTOS = YES_AGGRESSIVE;
				GCC_WARN_UNUSED_FUNCTION = YES;
				GCC_WARN_UNUSED_VARIABLE = YES;
				IPHONEOS_DEPLOYMENT_TARGET = 10.3;
				MTL_ENABLE_DEBUG_INFO = YES;
				ONLY_ACTIVE_ARCH = YES;
				SDKROOT = iphoneos;
				TARGETED_DEVICE_FAMILY = "1,2";
			};
			name = Debug;
		};
		C00416E71E84312C00E92308 /* Release */ = {
			isa = XCBuildConfiguration;
			buildSettings = {
				ALWAYS_SEARCH_USER_PATHS = NO;
				CLANG_ANALYZER_NONNULL = YES;
				CLANG_ANALYZER_NUMBER_OBJECT_CONVERSION = YES_AGGRESSIVE;
				CLANG_CXX_LANGUAGE_STANDARD = "gnu++0x";
				CLANG_CXX_LIBRARY = "libc++";
				CLANG_ENABLE_MODULES = YES;
				CLANG_ENABLE_OBJC_ARC = YES;
				CLANG_WARN_BOOL_CONVERSION = YES;
				CLANG_WARN_CONSTANT_CONVERSION = YES;
				CLANG_WARN_DIRECT_OBJC_ISA_USAGE = YES_ERROR;
				CLANG_WARN_DOCUMENTATION_COMMENTS = YES;
				CLANG_WARN_EMPTY_BODY = YES;
				CLANG_WARN_ENUM_CONVERSION = YES;
				CLANG_WARN_INFINITE_RECURSION = YES;
				CLANG_WARN_INT_CONVERSION = YES;
				CLANG_WARN_OBJC_ROOT_CLASS = YES_ERROR;
				CLANG_WARN_SUSPICIOUS_MOVE = YES;
				CLANG_WARN_UNREACHABLE_CODE = YES;
				CLANG_WARN__DUPLICATE_METHOD_MATCH = YES;
				"CODE_SIGN_IDENTITY[sdk=iphoneos*]" = "iPhone Developer";
				COPY_PHASE_STRIP = NO;
				DEBUG_INFORMATION_FORMAT = "dwarf-with-dsym";
				ENABLE_NS_ASSERTIONS = NO;
				ENABLE_STRICT_OBJC_MSGSEND = YES;
				GCC_C_LANGUAGE_STANDARD = gnu99;
				GCC_NO_COMMON_BLOCKS = YES;
				GCC_WARN_64_TO_32_BIT_CONVERSION = YES;
				GCC_WARN_ABOUT_RETURN_TYPE = YES_ERROR;
				GCC_WARN_UNDECLARED_SELECTOR = YES;
				GCC_WARN_UNINITIALIZED_AUTOS = YES_AGGRESSIVE;
				GCC_WARN_UNUSED_FUNCTION = YES;
				GCC_WARN_UNUSED_VARIABLE = YES;
				IPHONEOS_DEPLOYMENT_TARGET = 10.3;
				MTL_ENABLE_DEBUG_INFO = NO;
				SDKROOT = iphoneos;
				TARGETED_DEVICE_FAMILY = "1,2";
				VALIDATE_PRODUCT = YES;
			};
			name = Release;
		};
		C00416E91E84312C00E92308 /* Debug */ = {
			isa = XCBuildConfiguration;
			baseConfigurationReference = C747455DF089F6B8CEE6350A /* Pods-LottieDropper.debug.xcconfig */;
			buildSettings = {
				ASSETCATALOG_COMPILER_APPICON_NAME = AppIcon;
				CLANG_ENABLE_MODULES = YES;
				"CODE_SIGN_IDENTITY[sdk=iphoneos*]" = "iPhone Distribution";
				DEVELOPMENT_TEAM = FAJTRUZ6J9;
				INFOPLIST_FILE = LottieDropper/ApplicationFlow/Info.plist;
				IPHONEOS_DEPLOYMENT_TARGET = 10.1;
				LD_RUNPATH_SEARCH_PATHS = "$(inherited) @executable_path/Frameworks";
				PRODUCT_BUNDLE_IDENTIFIER = be.icapps.lottieDropper;
				PRODUCT_NAME = "$(TARGET_NAME)";
				PROVISIONING_PROFILE = "bb61db61-d107-4ba0-bb12-a9c68bd0cdf3";
				PROVISIONING_PROFILE_SPECIFIER = "Distribution In House";
				SWIFT_OBJC_BRIDGING_HEADER = "LottieDropper/Bridge/LottieDropper-Bridging-Header.h";
				SWIFT_OPTIMIZATION_LEVEL = "-Onone";
				SWIFT_VERSION = 3.0;
			};
			name = Debug;
		};
		C00416EA1E84312C00E92308 /* Release */ = {
			isa = XCBuildConfiguration;
			baseConfigurationReference = 0A55C7422B66AA145401BBAA /* Pods-LottieDropper.release.xcconfig */;
			buildSettings = {
				ASSETCATALOG_COMPILER_APPICON_NAME = AppIcon;
				CLANG_ENABLE_MODULES = YES;
				"CODE_SIGN_IDENTITY[sdk=iphoneos*]" = "iPhone Distribution";
				DEVELOPMENT_TEAM = FAJTRUZ6J9;
				INFOPLIST_FILE = LottieDropper/ApplicationFlow/Info.plist;
				IPHONEOS_DEPLOYMENT_TARGET = 10.1;
				LD_RUNPATH_SEARCH_PATHS = "$(inherited) @executable_path/Frameworks";
				PRODUCT_BUNDLE_IDENTIFIER = be.icapps.lottieDropper;
				PRODUCT_NAME = "$(TARGET_NAME)";
				PROVISIONING_PROFILE = "bb61db61-d107-4ba0-bb12-a9c68bd0cdf3";
				PROVISIONING_PROFILE_SPECIFIER = "Distribution In House";
				SWIFT_OBJC_BRIDGING_HEADER = "LottieDropper/Bridge/LottieDropper-Bridging-Header.h";
				SWIFT_VERSION = 3.0;
			};
			name = Release;
		};
		C00416EC1E84312C00E92308 /* Debug */ = {
			isa = XCBuildConfiguration;
			baseConfigurationReference = C0A63869B56FE88FD2377C2C /* Pods-LottieDropperTests.debug.xcconfig */;
			buildSettings = {
				ALWAYS_EMBED_SWIFT_STANDARD_LIBRARIES = YES;
				BUNDLE_LOADER = "$(TEST_HOST)";
				DEVELOPMENT_TEAM = SCZPF223NC;
				INFOPLIST_FILE = LottieDropperTests/Info.plist;
				IPHONEOS_DEPLOYMENT_TARGET = 10.1;
				LD_RUNPATH_SEARCH_PATHS = "$(inherited) @executable_path/Frameworks @loader_path/Frameworks";
				PRODUCT_BUNDLE_IDENTIFIER = be.icapps.lottieDropperTests;
				PRODUCT_NAME = "$(TARGET_NAME)";
				TEST_HOST = "$(BUILT_PRODUCTS_DIR)/LottieDropper.app/LottieDropper";
			};
			name = Debug;
		};
		C00416ED1E84312C00E92308 /* Release */ = {
			isa = XCBuildConfiguration;
			baseConfigurationReference = 44372067C7C3EF637BE96C8F /* Pods-LottieDropperTests.release.xcconfig */;
			buildSettings = {
				ALWAYS_EMBED_SWIFT_STANDARD_LIBRARIES = YES;
				BUNDLE_LOADER = "$(TEST_HOST)";
				DEVELOPMENT_TEAM = SCZPF223NC;
				INFOPLIST_FILE = LottieDropperTests/Info.plist;
				IPHONEOS_DEPLOYMENT_TARGET = 10.1;
				LD_RUNPATH_SEARCH_PATHS = "$(inherited) @executable_path/Frameworks @loader_path/Frameworks";
				PRODUCT_BUNDLE_IDENTIFIER = be.icapps.lottieDropperTests;
				PRODUCT_NAME = "$(TARGET_NAME)";
				TEST_HOST = "$(BUILT_PRODUCTS_DIR)/LottieDropper.app/LottieDropper";
			};
			name = Release;
		};
/* End XCBuildConfiguration section */

/* Begin XCConfigurationList section */
		C00416C11E84312C00E92308 /* Build configuration list for PBXProject "LottieDropper" */ = {
			isa = XCConfigurationList;
			buildConfigurations = (
				C00416E61E84312C00E92308 /* Debug */,
				C00416E71E84312C00E92308 /* Release */,
			);
			defaultConfigurationIsVisible = 0;
			defaultConfigurationName = Release;
		};
		C00416E81E84312C00E92308 /* Build configuration list for PBXNativeTarget "LottieDropper" */ = {
			isa = XCConfigurationList;
			buildConfigurations = (
				C00416E91E84312C00E92308 /* Debug */,
				C00416EA1E84312C00E92308 /* Release */,
			);
			defaultConfigurationIsVisible = 0;
			defaultConfigurationName = Release;
		};
		C00416EB1E84312C00E92308 /* Build configuration list for PBXNativeTarget "LottieDropperTests" */ = {
			isa = XCConfigurationList;
			buildConfigurations = (
				C00416EC1E84312C00E92308 /* Debug */,
				C00416ED1E84312C00E92308 /* Release */,
			);
			defaultConfigurationIsVisible = 0;
			defaultConfigurationName = Release;
		};
/* End XCConfigurationList section */
	};
	rootObject = C00416BE1E84312C00E92308 /* Project object */;
}
